
Microsoft Visual Studio Solution File, Format Version 12.00
# Visual Studio Version 16
VisualStudioVersion = 16.0.30907.101
MinimumVisualStudioVersion = 10.0.40219.1
Project("{FAE04EC0-301F-11D3-BF4B-00C04F79EFBC}") = "GameMarketSimulation", "GameMarketSimulation\GameMarketSimulation.csproj", "{73FC26AE-AA7E-4AC6-B5D2-B55A2065359D}"
EndProject
Global
	GlobalSection(SolutionConfigurationPlatforms) = preSolution
		Debug|Any CPU = Debug|Any CPU
		Release|Any CPU = Release|Any CPU
	EndGlobalSection
	GlobalSection(ProjectConfigurationPlatforms) = postSolution
		{73FC26AE-AA7E-4AC6-B5D2-B55A2065359D}.Debug|Any CPU.ActiveCfg = Debug|Any CPU
		{73FC26AE-AA7E-4AC6-B5D2-B55A2065359D}.Debug|Any CPU.Build.0 = Debug|Any CPU
		{73FC26AE-AA7E-4AC6-B5D2-B55A2065359D}.Release|Any CPU.ActiveCfg = Release|Any CPU
		{73FC26AE-AA7E-4AC6-B5D2-B55A2065359D}.Release|Any CPU.Build.0 = Release|Any CPU
	EndGlobalSection
	GlobalSection(SolutionProperties) = preSolution
		HideSolutionNode = FALSE
	EndGlobalSection
	GlobalSection(ExtensibilityGlobals) = postSolution
		SolutionGuid = {30AEC49B-4586-4E62-8391-12A8503E08C5}
	EndGlobalSection
EndGlobal
